github.com/bytedance/sonic v1.9.1 h1:6b3n7G0NXqnPDSI6+ov7F/JSrADLCQb3h55CHfSQSk=
github.com/bytedance/sonic v1.9.1/go.mod h1:i736AoUSYt75RZlqFZJ5SqsPGuYEYguStcP16gy3Gw=
github.com/chenzhuoyu/iasm v0.9.1 h1:tY3gVvyx7RQdsPiH+gZLan7syk8Y+mB9/QR425csZk=
github.com/chenzhuoyu/iasm v0.9.1/go.mod h1:cqOyX7KqwejSJwCI2/go50SNLj3IMm7be01KYkNLY=
github.com/davecgh/go-spew v1.1.1 h1:vj9j/u1bqnvCEFSVrQH3AGxPmqVKJZeGzxcd9FHEAD=
github.com/davecgh/go-spew v1.1.1/go.mod h1:J7Y8YcW2NihsgmVo/mv3lAwl/skON4iLHjSsI+c5H8=
github.com/gabriel-vasile/mimetype v1.4.2 h1:w5qFW6JKBz9QmzabWe0mf3RMXvMCunjvIX37yNzSC8=
github.com/gabriel-vasile/mimetype v1.4.2/go.mod h1:zApsH/mKG4w07erNFiQjB0UVfkSvBQUZF330gFRAFc=
github.com/gin-contrib/sse v1.4.0 h1:Y3z+0gNkskBNEj+U+8s+7aJmyExbMZxvPJC8+iYVLU=
github.com/gin-contrib/sse v1.4.0/go.mod h1:5KxFQXaHjsqWhZMDL7ZIM06jUl0cYq/gH+5DzWPrM=
github.com/gin-gonic/gin v1.9.1 h1:4idEAncQnU5cB7BeachVrCZo2X0nnjpiIstD2eYPZU=
github.com/gin-gonic/gin v1.9.1/go.mod h1:qwPWnhz6pn0Nrx7aWChsCau3/kfsqRqKMdYrqG7ncs=
github.com/go-playground/locales v0.14.1 h1:EWaQ/wswjilfKLTECiXz7PWxLjwga7mbuAkN+6NjNQ=
github.com/go-playground/locales v0.14.1/go.mod h1:hxrqLVvrK65+Rwrd5Fc6F2O76J0NqVQwIJJ5SEqrQ8=
github.com/go-playground/universal-translator v0.18.1 h1:Bcnm0ZwsGyWbxJemnSEALgnE1hroN5ts7RKYww0O/E=
github.com/go-playground/universal-translator v0.18.1/go.mod h1:xekY+UJKNuX7IYNNErQMvO0XFtIduahoqssNmO4V2w=
github.com/go-playground/validator/v10 v10.14.0 h1:vgvQWe3XCmy1ZD9+V2/UtXoKA6q037QiQHWl0cqB2z=
github.com/go-playground/validator/v10 v10.14.0/go.mod h1:9iXMfT+LoJJQMoNifs0GP4qPnwJHiey/a7BvCIlMU4=
github.com/goccy/go-json v0.10.2 h1:CqyvLINpW0Uh7LSi8Y/BONKiCmYGsucChV74s2A76M=
github.com/goccy/go-json v0.10.2/go.mod h1:6MelG93GURQsLFjwcot1E55dJSJMTt7lg5QRsUnZIw=
github.com/json-iterator/go v1.1.12 h1:PV8peI4a0ysnczrg+LtxykD8LfKY9ML6u2jnxaQdvw=
github.com/json-iterator/go v1.1.12/go.mod h1:e30LSqwooZae/UwlEbR2852Gd8vFmmX12EyE0c5eQw=
github.com/klauspost/cpuid/v2 v2.2.4 h1:acbojRNwl3o09C9yL82342LDLAtrw8fZeCHkU15B7c=
github.com/klauspost/cpuid/v2 v2.2.4/go.mod h1:RVVoqPn8p9Bt0kQKq7pp65ikQWQuOZLlAltjUSlmm8=
github.com/leodido/go-urn v1.2.4 h1:XlAE/cm/ms7TE/VMVoduSpNBoyc2dOxHUiP23ij3qc=
github.com/leodido/go-urn v1.2.4/go.mod h1:7ZrI8mTSeBSHl/UaIrILDRRo8cSJnFHHU8MSjYy5io=
github.com/mattn/go-colorable v0.1.13 h1:fFA4WZxvqiGlYauQP0p5B6H7YisTY+p41PqJKZ+zUE=
github.com/mattn/go-colorable v0.1.13/go.mod h1:7S9/ev0klgBchAymYrQK/PQ4L65WZfqkGq74mSXESs=
github.com/mattn/go-isatty v0.0.16/go.mod h1:kYGgaQfpe5nmZ8p+gMEIidKEOvaiyPqLSHcpdcdCSQ=
github.com/mattn/go-isatty v0.0.19 h1:JITubQf0LCKaSKOuFeU/yD+pmR7sNKaAJbNM8jReHc=
github.com/mattn/go-isatty v0.0.19/go.mod h1:2eHXhiwqGCtBzbM2E+Su41HBnqwK40d3+wF/I5G7E4=
github.com/modern-go/concurrent v0.0.0-20180306012644-bacd9c7ef1dd h1:TRLaZ9cD8OfANQbV5sW/SVCKPt+PWl2KwKn1KbtQHY=
github.com/modern-go/concurrent v0.0.0-20180306012644-bacd9c7ef1dd/go.mod h1:6dJC0mAP4ikYIbvj15RK621cgeyLudB8yk+qQ0Ej0=
github.com/modern-go/reflect2 v1.0.2 h1:xBagoLtFs94CBntxluKeaWgTMpvLxC4ur3nMaC34FA=
github.com/modern-go/reflect2 v1.0.2/go.mod h1:yWuevngMOJpCy52FWWMvUC8mFykN9Cg+2QJqnSvzlE=
github.com/pelletier/go-toml/v2 v2.0.8 h1:0ctb6s9mE31h0/lhu+J6OPmVP8S765OwJVZXUq8cKY=
github.com/pelletier/go-toml/v2 v2.0.8/go.mod h1:vPE/7VBY+bI2trd2SCgrgyvhjnmYoojJLC0RVrvm50=
github.com/pmezard/go-difflib v1.0.0 h1:4DBwDE0NVQvPChGg+SVHSUgywQyKS/WoYzSmP6nWAg=
github.com/pmezard/go-difflib v1.0.0/go.mod h1:iKH77koFhYxTK1pcRnkGLp1qNhb74yNzniuchLMqUg=
github.com/stretchr/assert v1.8.0 h1:BrJ1a28L1G4+2YUhtDYsEY92sDigvDJsinRyhuKXEA=
github.com/stretchr/assert v1.8.0/go.mod h1:yNjHg4UonilssWZM19qGforeZSmF51cqQ3pY0CaWS8=
github.com/stretchr/testify v1.8.2 h1:+h33VjHxNzrL7mbRPP6PyPL2XIP7Of7ab7Si4iB5+c=
github.com/stretchr/testify v1.8.2/go.mod h1:w2LPCIKwDwSCRYppEuWGILA2DeHIs8MRSIZZqul56u=
github.com/twitchyliquid64/golang-asm v0.15.1 h1:SU5vSMR7XIE40cyd1Yx48it86x0d89bhsnY2xNjKKY=
github.com/twitchyliquid64/golang-asm v0.15.1/go.mod h1:a1lVb/DtPvCB8fslRZktg+7ec42GIPQv3fsVDhorvA=
github.com/ugorji/go/codec v1.2.11 h1:BMaRlVdsqMMbEK1jRSmaxHLprPsUV5gxvkRgI6+8zA=
github.com/ugorji/go/codec v1.2.11/go.mod h1:UNzYN3Z5ztlU+98Z0zDl/a3YCOJGU3eoyJRu8AaVU=
golang.org/x/arch v0.3.0 h1:02VelkQFstUgvgEuNxkwzla2VnjxwEqkke8IMf56ejE=
golang.org/x/arch v0.3.0/go.mod h1:5om86z9Hs0C8fYuotkOjU2/3Bu6oowWalrzHWeaVqo=
golang.org/x/crypto v0.9.0 h1:LF6fAI+16QS4OR3yG1/22DlAR13Mm4DFVbtuosbourg=
golang.org/x/crypto v0.9.0/go.mod h1:yrmDGqONDYtNj3tH8X9dzUun2b3tgn9I=
golang.org/x/net v0.10.0 h1:X2//UzNDwYmtjqrJ5eVQKD/cVK+qz+z+8ni+tgn9I=
golang.org/x/net v0.10.0/go.mod h1:0qNGK6F8kojg2nk9dLbMZWZNZToVkVf/56Qt5CYCDA=
golang.org/x/sys v0.0.0-20220704084225-05e143d24a9e/go.mod h1:oPkhp1MjuhygE5ER2r6z3GhxxpgizO8IzDan+Z8+72=
golang.org/x/sys v0.6.0/go.mod h1:oPkhp1MjuhygE5ER2r6z3GhxxpgizO8IzDan+Z8+72=
golang.org/x/sys v0.9.0 h1:KLXc6Sc7kQSLln8oZkwsFHd+qnusuvP0fOCAqnnyU=
golang.org/x/sys v0.9.0/go.mod h1:oPkhp1MjuhygE5ER2r6z3GhxxpgizO8IzDan+Z8+72=
golang.org/x/text v0.9.0 h1:2sjJmO8cDvYveuX97OwHLpLg69O5Za8+DFiRjM0suffer
golang.org/x/text v0.9.0/go.mod h1:e1OnstbJyHTd6l/qkuqQPatW2iPNKk9mVzlIWewmtE=
google.golang.org/protobuf v1.30.0 h1:kPPoIgf3TsEvrm0PFe15JQ+570QVxYzEvvHqChK+cM=
google.golang.org/protobuf v1.30.0/go.mod h1:Z8dMJwAZvlZkQ6f5Qqzeg2v7E6+8kwLSid3603ePTY=
gopkg.in/yaml.v3 v3.0.1 h1:fxVm/GzuluF9EgqVTNBj3U/8ivjQHCNaruaAQsvqzo=
gopkg.in/yaml.v3 v3.0.1/go.mod h1:K4uyk7z7BCEPqu6E+C64Yfv1cQ41C2lpqt+q2VKOVE=
